// !$*UTF8*$!
{
	archiveVersion = 1;
	classes = {
	};
	objectVersion = 56;
	objects = {

/* Begin PBXBuildFile section */
		0B23035F296C4A0E00998672 /* Product.swift in Sources */ = {isa = PBXBuildFile; fileRef = 0B23035E296C4A0E00998672 /* Product.swift */; };
		0BB935E7296D7396009BA02F /* ProductListScreen.swift in Sources */ = {isa = PBXBuildFile; fileRef = 0BB935E6296D7396009BA02F /* ProductListScreen.swift */; };
		0BB935EA296D7D14009BA02F /* ProductCellView.swift in Sources */ = {isa = PBXBuildFile; fileRef = 0BB935E9296D7D14009BA02F /* ProductCellView.swift */; };
		0BB935EC296D891E009BA02F /* Locale+Extensions.swift in Sources */ = {isa = PBXBuildFile; fileRef = 0BB935EB296D891E009BA02F /* Locale+Extensions.swift */; };
		0BC2A1FD2967071400158068 /* StoreAppApp.swift in Sources */ = {isa = PBXBuildFile; fileRef = 0BC2A1FC2967071400158068 /* StoreAppApp.swift */; };
		0BC2A1FF2967071400158068 /* ContentView.swift in Sources */ = {isa = PBXBuildFile; fileRef = 0BC2A1FE2967071400158068 /* ContentView.swift */; };
		0BC2A2012967071700158068 /* Assets.xcassets in Resources */ = {isa = PBXBuildFile; fileRef = 0BC2A2002967071700158068 /* Assets.xcassets */; };
		0BC2A2042967071700158068 /* Preview Assets.xcassets in Resources */ = {isa = PBXBuildFile; fileRef = 0BC2A2032967071700158068 /* Preview Assets.xcassets */; };
		0BC2A20C296709D800158068 /* URL+Extensions.swift in Sources */ = {isa = PBXBuildFile; fileRef = 0BC2A20B296709D800158068 /* URL+Extensions.swift */; };
		0BC2A20F296C2C6600158068 /* StoreHTTPClient.swift in Sources */ = {isa = PBXBuildFile; fileRef = 0BC2A20E296C2C6600158068 /* StoreHTTPClient.swift */; };
		0BC2A212296C318000158068 /* Category.swift in Sources */ = {isa = PBXBuildFile; fileRef = 0BC2A211296C318000158068 /* Category.swift */; };
		0BC2A214296C338400158068 /* StoreModel.swift in Sources */ = {isa = PBXBuildFile; fileRef = 0BC2A213296C338400158068 /* StoreModel.swift */; };
		0BC2A217296C3B9B00158068 /* CategoryListScreen.swift in Sources */ = {isa = PBXBuildFile; fileRef = 0BC2A216296C3B9B00158068 /* CategoryListScreen.swift */; };
		0BDC001129701DEA0074B0A2 /* ProductDetailScreen.swift in Sources */ = {isa = PBXBuildFile; fileRef = 0BDC001029701DEA0074B0A2 /* ProductDetailScreen.swift */; };
		0BDC001429702E120074B0A2 /* BorderedCaption.swift in Sources */ = {isa = PBXBuildFile; fileRef = 0BDC001329702E120074B0A2 /* BorderedCaption.swift */; };
		0BDC001629702FD20074B0A2 /* View+Extensions.swift in Sources */ = {isa = PBXBuildFile; fileRef = 0BDC001529702FD20074B0A2 /* View+Extensions.swift */; };
		0BFE855B296ED4FD009224BF /* AddProductScreen.swift in Sources */ = {isa = PBXBuildFile; fileRef = 0BFE855A296ED4FD009224BF /* AddProductScreen.swift */; };
		0BFE855D296EEC87009224BF /* CreateProductRequest.swift in Sources */ = {isa = PBXBuildFile; fileRef = 0BFE855C296EEC87009224BF /* CreateProductRequest.swift */; };
/* End PBXBuildFile section */

/* Begin PBXFileReference section */
		0B23035E296C4A0E00998672 /* Product.swift */ = {isa = PBXFileReference; lastKnownFileType = sourcecode.swift; path = Product.swift; sourceTree = "<group>"; };
		0BB935E6296D7396009BA02F /* ProductListScreen.swift */ = {isa = PBXFileReference; lastKnownFileType = sourcecode.swift; path = ProductListScreen.swift; sourceTree = "<group>"; };
		0BB935E9296D7D14009BA02F /* ProductCellView.swift */ = {isa = PBXFileReference; lastKnownFileType = sourcecode.swift; path = ProductCellView.swift; sourceTree = "<group>"; };
		0BB935EB296D891E009BA02F /* Locale+Extensions.swift */ = {isa = PBXFileReference; lastKnownFileType = sourcecode.swift; path = "Locale+Extensions.swift"; sourceTree = "<group>"; };
		0BC2A1F92967071400158068 /* StoreApp.app */ = {isa = PBXFileReference; explicitFileType = wrapper.application; includeInIndex = 0; path = StoreApp.app; sourceTree = BUILT_PRODUCTS_DIR; };
		0BC2A1FC2967071400158068 /* StoreAppApp.swift */ = {isa = PBXFileReference; lastKnownFileType = sourcecode.swift; path = StoreAppApp.swift; sourceTree = "<group>"; };
		0BC2A1FE2967071400158068 /* ContentView.swift */ = {isa = PBXFileReference; lastKnownFileType = sourcecode.swift; path = ContentView.swift; sourceTree = "<group>"; };
		0BC2A2002967071700158068 /* Assets.xcassets */ = {isa = PBXFileReference; lastKnownFileType = folder.assetcatalog; path = Assets.xcassets; sourceTree = "<group>"; };
		0BC2A2032967071700158068 /* Preview Assets.xcassets */ = {isa = PBXFileReference; lastKnownFileType = folder.assetcatalog; path = "Preview Assets.xcassets"; sourceTree = "<group>"; };
		0BC2A20B296709D800158068 /* URL+Extensions.swift */ = {isa = PBXFileReference; lastKnownFileType = sourcecode.swift; path = "URL+Extensions.swift"; sourceTree = "<group>"; };
		0BC2A20E296C2C6600158068 /* StoreHTTPClient.swift */ = {isa = PBXFileReference; lastKnownFileType = sourcecode.swift; path = StoreHTTPClient.swift; sourceTree = "<group>"; };
		0BC2A211296C318000158068 /* Category.swift */ = {isa = PBXFileReference; lastKnownFileType = sourcecode.swift; path = Category.swift; sourceTree = "<group>"; };
		0BC2A213296C338400158068 /* StoreModel.swift */ = {isa = PBXFileReference; lastKnownFileType = sourcecode.swift; path = StoreModel.swift; sourceTree = "<group>"; };
		0BC2A216296C3B9B00158068 /* CategoryListScreen.swift */ = {isa = PBXFileReference; lastKnownFileType = sourcecode.swift; path = CategoryListScreen.swift; sourceTree = "<group>"; };
		0BDC001029701DEA0074B0A2 /* ProductDetailScreen.swift */ = {isa = PBXFileReference; lastKnownFileType = sourcecode.swift; path = ProductDetailScreen.swift; sourceTree = "<group>"; };
		0BDC001329702E120074B0A2 /* BorderedCaption.swift */ = {isa = PBXFileReference; lastKnownFileType = sourcecode.swift; path = BorderedCaption.swift; sourceTree = "<group>"; };
		0BDC001529702FD20074B0A2 /* View+Extensions.swift */ = {isa = PBXFileReference; lastKnownFileType = sourcecode.swift; path = "View+Extensions.swift"; sourceTree = "<group>"; };
		0BFE855A296ED4FD009224BF /* AddProductScreen.swift */ = {isa = PBXFileReference; lastKnownFileType = sourcecode.swift; path = AddProductScreen.swift; sourceTree = "<group>"; };
		0BFE855C296EEC87009224BF /* CreateProductRequest.swift */ = {isa = PBXFileReference; lastKnownFileType = sourcecode.swift; path = CreateProductRequest.swift; sourceTree = "<group>"; };
/* End PBXFileReference section */

/* Begin PBXFrameworksBuildPhase section */
		0BC2A1F62967071400158068 /* Frameworks */ = {
			isa = PBXFrameworksBuildPhase;
			buildActionMask = 2147483647;
			files = (
			);
			runOnlyForDeploymentPostprocessing = 0;
		};
/* End PBXFrameworksBuildPhase section */

/* Begin PBXGroup section */
		0BB935E8296D7CEF009BA02F /* Views */ = {
			isa = PBXGroup;
			children = (
				0BB935E9296D7D14009BA02F /* ProductCellView.swift */,
			);
			path = Views;
			sourceTree = "<group>";
		};
		0BC2A1F02967071400158068 = {
			isa = PBXGroup;
			children = (
				0BC2A1FB2967071400158068 /* StoreApp */,
				0BC2A1FA2967071400158068 /* Products */,
			);
			sourceTree = "<group>";
		};
		0BC2A1FA2967071400158068 /* Products */ = {
			isa = PBXGroup;
			children = (
				0BC2A1F92967071400158068 /* StoreApp.app */,
			);
			name = Products;
			sourceTree = "<group>";
		};
		0BC2A1FB2967071400158068 /* StoreApp */ = {
			isa = PBXGroup;
			children = (
				0BDC001229702DF50074B0A2 /* View Modifiers */,
				0BB935E8296D7CEF009BA02F /* Views */,
				0BC2A215296C39AE00158068 /* Screens */,
				0BC2A210296C316B00158068 /* Models */,
				0BC2A20D29670C8300158068 /* Clients */,
				0BC2A20A296709B200158068 /* Extensions */,
				0BC2A1FC2967071400158068 /* StoreAppApp.swift */,
				0BC2A1FE2967071400158068 /* ContentView.swift */,
				0BC2A2002967071700158068 /* Assets.xcassets */,
				0BC2A2022967071700158068 /* Preview Content */,
			);
			path = StoreApp;
			sourceTree = "<group>";
		};
		0BC2A2022967071700158068 /* Preview Content */ = {
			isa = PBXGroup;
			children = (
				0BC2A2032967071700158068 /* Preview Assets.xcassets */,
			);
			path = "Preview Content";
			sourceTree = "<group>";
		};
		0BC2A20A296709B200158068 /* Extensions */ = {
			isa = PBXGroup;
			children = (
				0BC2A20B296709D800158068 /* URL+Extensions.swift */,
				0BB935EB296D891E009BA02F /* Locale+Extensions.swift */,
				0BDC001529702FD20074B0A2 /* View+Extensions.swift */,
			);
			path = Extensions;
			sourceTree = "<group>";
		};
		0BC2A20D29670C8300158068 /* Clients */ = {
			isa = PBXGroup;
			children = (
				0BC2A20E296C2C6600158068 /* StoreHTTPClient.swift */,
			);
			path = Clients;
			sourceTree = "<group>";
		};
		0BC2A210296C316B00158068 /* Models */ = {
			isa = PBXGroup;
			children = (
				0BC2A211296C318000158068 /* Category.swift */,
				0BC2A213296C338400158068 /* StoreModel.swift */,
				0B23035E296C4A0E00998672 /* Product.swift */,
				0BFE855C296EEC87009224BF /* CreateProductRequest.swift */,
			);
			path = Models;
			sourceTree = "<group>";
		};
		0BC2A215296C39AE00158068 /* Screens */ = {
			isa = PBXGroup;
			children = (
				0BC2A216296C3B9B00158068 /* CategoryListScreen.swift */,
				0BB935E6296D7396009BA02F /* ProductListScreen.swift */,
				0BFE855A296ED4FD009224BF /* AddProductScreen.swift */,
				0BDC001029701DEA0074B0A2 /* ProductDetailScreen.swift */,
			);
			path = Screens;
			sourceTree = "<group>";
		};
		0BDC001229702DF50074B0A2 /* View Modifiers */ = {
			isa = PBXGroup;
			children = (
				0BDC001329702E120074B0A2 /* BorderedCaption.swift */,
			);
			path = "View Modifiers";
			sourceTree = "<group>";
		};
/* End PBXGroup section */

/* Begin PBXNativeTarget section */
		0BC2A1F82967071400158068 /* StoreApp */ = {
			isa = PBXNativeTarget;
			buildConfigurationList = 0BC2A2072967071700158068 /* Build configuration list for PBXNativeTarget "StoreApp" */;
			buildPhases = (
				0BC2A1F52967071400158068 /* Sources */,
				0BC2A1F62967071400158068 /* Frameworks */,
				0BC2A1F72967071400158068 /* Resources */,
			);
			buildRules = (
			);
			dependencies = (
			);
			name = StoreApp;
			productName = StoreApp;
			productReference = 0BC2A1F92967071400158068 /* StoreApp.app */;
			productType = "com.apple.product-type.application";
		};
/* End PBXNativeTarget section */

/* Begin PBXProject section */
		0BC2A1F12967071400158068 /* Project object */ = {
			isa = PBXProject;
			attributes = {
				BuildIndependentTargetsInParallel = 1;
				LastSwiftUpdateCheck = 1410;
				LastUpgradeCheck = 1410;
				TargetAttributes = {
					0BC2A1F82967071400158068 = {
						CreatedOnToolsVersion = 14.1;
					};
				};
			};
			buildConfigurationList = 0BC2A1F42967071400158068 /* Build configuration list for PBXProject "StoreApp" */;
			compatibilityVersion = "Xcode 14.0";
			developmentRegion = en;
			hasScannedForEncodings = 0;
			knownRegions = (
				en,
				Base,
			);
			mainGroup = 0BC2A1F02967071400158068;
			productRefGroup = 0BC2A1FA2967071400158068 /* Products */;
			projectDirPath = "";
			projectRoot = "";
			targets = (
				0BC2A1F82967071400158068 /* StoreApp */,
			);
		};
/* End PBXProject section */

/* Begin PBXResourcesBuildPhase section */
		0BC2A1F72967071400158068 /* Resources */ = {
			isa = PBXResourcesBuildPhase;
			buildActionMask = 2147483647;
			files = (
				0BC2A2042967071700158068 /* Preview Assets.xcassets in Resources */,
				0BC2A2012967071700158068 /* Assets.xcassets in Resources */,
			);
			runOnlyForDeploymentPostprocessing = 0;
		};
/* End PBXResourcesBuildPhase section */

/* Begin PBXSourcesBuildPhase section */
		0BC2A1F52967071400158068 /* Sources */ = {
			isa = PBXSourcesBuildPhase;
			buildActionMask = 2147483647;
			files = (
				0BC2A20F296C2C6600158068 /* StoreHTTPClient.swift in Sources */,
				0B23035F296C4A0E00998672 /* Product.swift in Sources */,
				0BC2A212296C318000158068 /* Category.swift in Sources */,
				0BC2A1FF2967071400158068 /* ContentView.swift in Sources */,
				0BB935EA296D7D14009BA02F /* ProductCellView.swift in Sources */,
				0BB935E7296D7396009BA02F /* ProductListScreen.swift in Sources */,
				0BDC001629702FD20074B0A2 /* View+Extensions.swift in Sources */,
				0BC2A20C296709D800158068 /* URL+Extensions.swift in Sources */,
				0BFE855B296ED4FD009224BF /* AddProductScreen.swift in Sources */,
				0BFE855D296EEC87009224BF /* CreateProductRequest.swift in Sources */,
				0BDC001429702E120074B0A2 /* BorderedCaption.swift in Sources */,
				0BC2A1FD2967071400158068 /* StoreAppApp.swift in Sources */,
				0BDC001129701DEA0074B0A2 /* ProductDetailScreen.swift in Sources */,
				0BB935EC296D891E009BA02F /* Locale+Extensions.swift in Sources */,
				0BC2A217296C3B9B00158068 /* CategoryListScreen.swift in Sources */,
				0BC2A214296C338400158068 /* StoreModel.swift in Sources */,
			);
			runOnlyForDeploymentPostprocessing = 0;
		};
/* End PBXSourcesBuildPhase section */

/* Begin XCBuildConfiguration section */
		0BC2A2052967071700158068 /* Debug */ = {
			isa = XCBuildConfiguration;
			buildSettings = {
				ALWAYS_SEARCH_USER_PATHS = NO;
				CLANG_ANALYZER_NONNULL = YES;
				CLANG_ANALYZER_NUMBER_OBJECT_CONVERSION = YES_AGGRESSIVE;
				CLANG_CXX_LANGUAGE_STANDARD = "gnu++20";
				CLANG_ENABLE_MODULES = YES;
				CLANG_ENABLE_OBJC_ARC = YES;
				CLANG_ENABLE_OBJC_WEAK = YES;
				CLANG_WARN_BLOCK_CAPTURE_AUTORELEASING = YES;
				CLANG_WARN_BOOL_CONVERSION = YES;
				CLANG_WARN_COMMA = YES;
				CLANG_WARN_CONSTANT_CONVERSION = YES;
				CLANG_WARN_DEPRECATED_OBJC_IMPLEMENTATIONS = YES;
				CLANG_WARN_DIRECT_OBJC_ISA_USAGE = YES_ERROR;
				CLANG_WARN_DOCUMENTATION_COMMENTS = YES;
				CLANG_WARN_EMPTY_BODY = YES;
				CLANG_WARN_ENUM_CONVERSION = YES;
				CLANG_WARN_INFINITE_RECURSION = YES;
				CLANG_WARN_INT_CONVERSION = YES;
				CLANG_WARN_NON_LITERAL_NULL_CONVERSION = YES;
				CLANG_WARN_OBJC_IMPLICIT_RETAIN_SELF = YES;
				CLANG_WARN_OBJC_LITERAL_CONVERSION = YES;
				CLANG_WARN_OBJC_ROOT_CLASS = YES_ERROR;
				CLANG_WARN_QUOTED_INCLUDE_IN_FRAMEWORK_HEADER = YES;
				CLANG_WARN_RANGE_LOOP_ANALYSIS = YES;
				CLANG_WARN_STRICT_PROTOTYPES = YES;
				CLANG_WARN_SUSPICIOUS_MOVE = YES;
				CLANG_WARN_UNGUARDED_AVAILABILITY = YES_AGGRESSIVE;
				CLANG_WARN_UNREACHABLE_CODE = YES;
				CLANG_WARN__DUPLICATE_METHOD_MATCH = YES;
				COPY_PHASE_STRIP = NO;
				DEBUG_INFORMATION_FORMAT = dwarf;
				ENABLE_STRICT_OBJC_MSGSEND = YES;
				ENABLE_TESTABILITY = YES;
				GCC_C_LANGUAGE_STANDARD = gnu11;
				GCC_DYNAMIC_NO_PIC = NO;
				GCC_NO_COMMON_BLOCKS = YES;
				GCC_OPTIMIZATION_LEVEL = 0;
				GCC_PREPROCESSOR_DEFINITIONS = (
					"DEBUG=1",
					"$(inherited)",
				);
				GCC_WARN_64_TO_32_BIT_CONVERSION = YES;
				GCC_WARN_ABOUT_RETURN_TYPE = YES_ERROR;
				GCC_WARN_UNDECLARED_SELECTOR = YES;
				GCC_WARN_UNINITIALIZED_AUTOS = YES_AGGRESSIVE;
				GCC_WARN_UNUSED_FUNCTION = YES;
				GCC_WARN_UNUSED_VARIABLE = YES;
				IPHONEOS_DEPLOYMENT_TARGET = 16.1;
				MTL_ENABLE_DEBUG_INFO = INCLUDE_SOURCE;
				MTL_FAST_MATH = YES;
				ONLY_ACTIVE_ARCH = YES;
				SDKROOT = iphoneos;
				SWIFT_ACTIVE_COMPILATION_CONDITIONS = DEBUG;
				SWIFT_OPTIMIZATION_LEVEL = "-Onone";
			};
			name = Debug;
		};
		0BC2A2062967071700158068 /* Release */ = {
			isa = XCBuildConfiguration;
			buildSettings = {
				ALWAYS_SEARCH_USER_PATHS = NO;
				CLANG_ANALYZER_NONNULL = YES;
				CLANG_ANALYZER_NUMBER_OBJECT_CONVERSION = YES_AGGRESSIVE;
				CLANG_CXX_LANGUAGE_STANDARD = "gnu++20";
				CLANG_ENABLE_MODULES = YES;
				CLANG_ENABLE_OBJC_ARC = YES;
				CLANG_ENABLE_OBJC_WEAK = YES;
				CLANG_WARN_BLOCK_CAPTURE_AUTORELEASING = YES;
				CLANG_WARN_BOOL_CONVERSION = YES;
				CLANG_WARN_COMMA = YES;
				CLANG_WARN_CONSTANT_CONVERSION = YES;
				CLANG_WARN_DEPRECATED_OBJC_IMPLEMENTATIONS = YES;
				CLANG_WARN_DIRECT_OBJC_ISA_USAGE = YES_ERROR;
				CLANG_WARN_DOCUMENTATION_COMMENTS = YES;
				CLANG_WARN_EMPTY_BODY = YES;
				CLANG_WARN_ENUM_CONVERSION = YES;
				CLANG_WARN_INFINITE_RECURSION = YES;
				CLANG_WARN_INT_CONVERSION = YES;
				CLANG_WARN_NON_LITERAL_NULL_CONVERSION = YES;
				CLANG_WARN_OBJC_IMPLICIT_RETAIN_SELF = YES;
				CLANG_WARN_OBJC_LITERAL_CONVERSION = YES;
				CLANG_WARN_OBJC_ROOT_CLASS = YES_ERROR;
				CLANG_WARN_QUOTED_INCLUDE_IN_FRAMEWORK_HEADER = YES;
				CLANG_WARN_RANGE_LOOP_ANALYSIS = YES;
				CLANG_WARN_STRICT_PROTOTYPES = YES;
				CLANG_WARN_SUSPICIOUS_MOVE = YES;
				CLANG_WARN_UNGUARDED_AVAILABILITY = YES_AGGRESSIVE;
				CLANG_WARN_UNREACHABLE_CODE = YES;
				CLANG_WARN__DUPLICATE_METHOD_MATCH = YES;
				COPY_PHASE_STRIP = NO;
				DEBUG_INFORMATION_FORMAT = "dwarf-with-dsym";
				ENABLE_NS_ASSERTIONS = NO;
				ENABLE_STRICT_OBJC_MSGSEND = YES;
				GCC_C_LANGUAGE_STANDARD = gnu11;
				GCC_NO_COMMON_BLOCKS = YES;
				GCC_WARN_64_TO_32_BIT_CONVERSION = YES;
				GCC_WARN_ABOUT_RETURN_TYPE = YES_ERROR;
				GCC_WARN_UNDECLARED_SELECTOR = YES;
				GCC_WARN_UNINITIALIZED_AUTOS = YES_AGGRESSIVE;
				GCC_WARN_UNUSED_FUNCTION = YES;
				GCC_WARN_UNUSED_VARIABLE = YES;
				IPHONEOS_DEPLOYMENT_TARGET = 16.1;
				MTL_ENABLE_DEBUG_INFO = NO;
				MTL_FAST_MATH = YES;
				SDKROOT = iphoneos;
				SWIFT_COMPILATION_MODE = wholemodule;
				SWIFT_OPTIMIZATION_LEVEL = "-O";
				VALIDATE_PRODUCT = YES;
			};
			name = Release;
		};
		0BC2A2082967071700158068 /* Debug */ = {
			isa = XCBuildConfiguration;
			buildSettings = {
				ASSETCATALOG_COMPILER_APPICON_NAME = AppIcon;
				ASSETCATALOG_COMPILER_GLOBAL_ACCENT_COLOR_NAME = AccentColor;
				CODE_SIGN_STYLE = Automatic;
				CURRENT_PROJECT_VERSION = 1;
				DEVELOPMENT_ASSET_PATHS = "\"StoreApp/Preview Content\"";
				ENABLE_PREVIEWS = YES;
				GENERATE_INFOPLIST_FILE = YES;
				INFOPLIST_KEY_UIApplicationSceneManifest_Generation = YES;
				INFOPLIST_KEY_UIApplicationSupportsIndirectInputEvents = YES;
				INFOPLIST_KEY_UILaunchScreen_Generation = YES;
				INFOPLIST_KEY_UISupportedInterfaceOrientations_iPad = "UIInterfaceOrientationPortrait UIInterfaceOrientationPortraitUpsideDown UIInterfaceOrientationLandscapeLeft UIInterfaceOrientationLandscapeRight";
				INFOPLIST_KEY_UISupportedInterfaceOrientations_iPhone = "UIInterfaceOrientationPortrait UIInterfaceOrientationLandscapeLeft UIInterfaceOrientationLandscapeRight";
				LD_RUNPATH_SEARCH_PATHS = (
					"$(inherited)",
					"@executable_path/Frameworks",
				);
				MARKETING_VERSION = 1.0;
				PRODUCT_BUNDLE_IDENTIFIER = YianniYiannakidi.StoreApp;
				PRODUCT_NAME = "$(TARGET_NAME)";
				SWIFT_EMIT_LOC_STRINGS = YES;
				SWIFT_VERSION = 5.0;
				TARGETED_DEVICE_FAMILY = "1,2";
			};
			name = Debug;
		};
		0BC2A2092967071700158068 /* Release */ = {
			isa = XCBuildConfiguration;
			buildSettings = {
				ASSETCATALOG_COMPILER_APPICON_NAME = AppIcon;
				ASSETCATALOG_COMPILER_GLOBAL_ACCENT_COLOR_NAME = AccentColor;
				CODE_SIGN_STYLE = Automatic;
				CURRENT_PROJECT_VERSION = 1;
				DEVELOPMENT_ASSET_PATHS = "\"StoreApp/Preview Content\"";
				ENABLE_PREVIEWS = YES;
				GENERATE_INFOPLIST_FILE = YES;
				INFOPLIST_KEY_UIApplicationSceneManifest_Generation = YES;
				INFOPLIST_KEY_UIApplicationSupportsIndirectInputEvents = YES;
				INFOPLIST_KEY_UILaunchScreen_Generation = YES;
				INFOPLIST_KEY_UISupportedInterfaceOrientations_iPad = "UIInterfaceOrientationPortrait UIInterfaceOrientationPortraitUpsideDown UIInterfaceOrientationLandscapeLeft UIInterfaceOrientationLandscapeRight";
				INFOPLIST_KEY_UISupportedInterfaceOrientations_iPhone = "UIInterfaceOrientationPortrait UIInterfaceOrientationLandscapeLeft UIInterfaceOrientationLandscapeRight";
				LD_RUNPATH_SEARCH_PATHS = (
					"$(inherited)",
					"@executable_path/Frameworks",
				);
				MARKETING_VERSION = 1.0;
				PRODUCT_BUNDLE_IDENTIFIER = YianniYiannakidi.StoreApp;
				PRODUCT_NAME = "$(TARGET_NAME)";
				SWIFT_EMIT_LOC_STRINGS = YES;
				SWIFT_VERSION = 5.0;
				TARGETED_DEVICE_FAMILY = "1,2";
			};
			name = Release;
		};
/* End XCBuildConfiguration section */

/* Begin XCConfigurationList section */
		0BC2A1F42967071400158068 /* Build configuration list for PBXProject "StoreApp" */ = {
			isa = XCConfigurationList;
			buildConfigurations = (
				0BC2A2052967071700158068 /* Debug */,
				0BC2A2062967071700158068 /* Release */,
			);
			defaultConfigurationIsVisible = 0;
			defaultConfigurationName = Release;
		};
		0BC2A2072967071700158068 /* Build configuration list for PBXNativeTarget "StoreApp" */ = {
			isa = XCConfigurationList;
			buildConfigurations = (
				0BC2A2082967071700158068 /* Debug */,
				0BC2A2092967071700158068 /* Release */,
			);
			defaultConfigurationIsVisible = 0;
			defaultConfigurationName = Release;
		};
/* End XCConfigurationList section */
	};
	rootObject = 0BC2A1F12967071400158068 /* Project object */;
}
